
Microsoft Visual Studio Solution File, Format Version 12.00
# Visual Studio 15
VisualStudioVersion = 15.0.27428.2005
MinimumVisualStudioVersion = 10.0.40219.1
Project("{FAE04EC0-301F-11D3-BF4B-00C04F79EFBC}") = "MiCareApp.Android", "App5\App5.Android\MiCareApp.Android.csproj", "{FDB367D7-55F2-41FB-8D6C-E4C44579F8AC}"
EndProject
Project("{FAE04EC0-301F-11D3-BF4B-00C04F79EFBC}") = "MiCareApp.iOS", "App5\App5.iOS\MiCareApp.iOS.csproj", "{8BA61568-BA94-45D1-9090-E05573A66AA1}"
EndProject
Project("{FAE04EC0-301F-11D3-BF4B-00C04F79EFBC}") = "MiCareAppUWP", "App5\App5.UWP\MiCareAppUWP.csproj", "{10BA7758-6B5C-4921-BBAA-109AB115FB14}"
EndProject
Project("{D954291E-2A0B-460D-934E-DC6B0785DB48}") = "MiCareApp", "App5\App5\MiCareApp.shproj", "{8E442100-41A9-4C10-B086-B5FA9D603915}"
EndProject
Global
	GlobalSection(SharedMSBuildProjectFiles) = preSolution
		App5\App5\App5.projitems*{10ba7758-6b5c-4921-bbaa-109ab115fb14}*SharedItemsImports = 4
		App5\App5\App5.projitems*{8ba61568-ba94-45d1-9090-e05573a66aa1}*SharedItemsImports = 4
		App5\App5\App5.projitems*{8e442100-41a9-4c10-b086-b5fa9d603915}*SharedItemsImports = 13
		App5\App5\App5.projitems*{fdb367d7-55f2-41fb-8d6c-e4c44579f8ac}*SharedItemsImports = 4
	EndGlobalSection
	GlobalSection(SolutionConfigurationPlatforms) = preSolution
		Ad-Hoc|Any CPU = Ad-Hoc|Any CPU
		Ad-Hoc|ARM = Ad-Hoc|ARM
		Ad-Hoc|iPhone = Ad-Hoc|iPhone
		Ad-Hoc|iPhoneSimulator = Ad-Hoc|iPhoneSimulator
		Ad-Hoc|x64 = Ad-Hoc|x64
		Ad-Hoc|x86 = Ad-Hoc|x86
		AppStore|Any CPU = AppStore|Any CPU
		AppStore|ARM = AppStore|ARM
		AppStore|iPhone = AppStore|iPhone
		AppStore|iPhoneSimulator = AppStore|iPhoneSimulator
		AppStore|x64 = AppStore|x64
		AppStore|x86 = AppStore|x86
		Debug|Any CPU = Debug|Any CPU
		Debug|ARM = Debug|ARM
		Debug|iPhone = Debug|iPhone
		Debug|iPhoneSimulator = Debug|iPhoneSimulator
		Debug|x64 = Debug|x64
		Debug|x86 = Debug|x86
		Release|Any CPU = Release|Any CPU
		Release|ARM = Release|ARM
		Release|iPhone = Release|iPhone
		Release|iPhoneSimulator = Release|iPhoneSimulator
		Release|x64 = Release|x64
		Release|x86 = Release|x86
	EndGlobalSection
	GlobalSection(ProjectConfigurationPlatforms) = postSolution
		{FDB367D7-55F2-41FB-8D6C-E4C44579F8AC}.Ad-Hoc|Any CPU.ActiveCfg = Release|Any CPU
		{FDB367D7-55F2-41FB-8D6C-E4C44579F8AC}.Ad-Hoc|Any CPU.Build.0 = Release|Any CPU
		{FDB367D7-55F2-41FB-8D6C-E4C44579F8AC}.Ad-Hoc|Any CPU.Deploy.0 = Release|Any CPU
		{FDB367D7-55F2-41FB-8D6C-E4C44579F8AC}.Ad-Hoc|ARM.ActiveCfg = Release|Any CPU
		{FDB367D7-55F2-41FB-8D6C-E4C44579F8AC}.Ad-Hoc|ARM.Build.0 = Release|Any CPU
		{FDB367D7-55F2-41FB-8D6C-E4C44579F8AC}.Ad-Hoc|ARM.Deploy.0 = Release|Any CPU
		{FDB367D7-55F2-41FB-8D6C-E4C44579F8AC}.Ad-Hoc|iPhone.ActiveCfg = Release|Any CPU
		{FDB367D7-55F2-41FB-8D6C-E4C44579F8AC}.Ad-Hoc|iPhone.Build.0 = Release|Any CPU
		{FDB367D7-55F2-41FB-8D6C-E4C44579F8AC}.Ad-Hoc|iPhone.Deploy.0 = Release|Any CPU
		{FDB367D7-55F2-41FB-8D6C-E4C44579F8AC}.Ad-Hoc|iPhoneSimulator.ActiveCfg = Release|Any CPU
		{FDB367D7-55F2-41FB-8D6C-E4C44579F8AC}.Ad-Hoc|iPhoneSimulator.Build.0 = Release|Any CPU
		{FDB367D7-55F2-41FB-8D6C-E4C44579F8AC}.Ad-Hoc|iPhoneSimulator.Deploy.0 = Release|Any CPU
		{FDB367D7-55F2-41FB-8D6C-E4C44579F8AC}.Ad-Hoc|x64.ActiveCfg = Release|Any CPU
		{FDB367D7-55F2-41FB-8D6C-E4C44579F8AC}.Ad-Hoc|x64.Build.0 = Release|Any CPU
		{FDB367D7-55F2-41FB-8D6C-E4C44579F8AC}.Ad-Hoc|x64.Deploy.0 = Release|Any CPU
		{FDB367D7-55F2-41FB-8D6C-E4C44579F8AC}.Ad-Hoc|x86.ActiveCfg = Release|Any CPU
		{FDB367D7-55F2-41FB-8D6C-E4C44579F8AC}.Ad-Hoc|x86.Build.0 = Release|Any CPU
		{FDB367D7-55F2-41FB-8D6C-E4C44579F8AC}.Ad-Hoc|x86.Deploy.0 = Release|Any CPU
		{FDB367D7-55F2-41FB-8D6C-E4C44579F8AC}.AppStore|Any CPU.ActiveCfg = Release|Any CPU
		{FDB367D7-55F2-41FB-8D6C-E4C44579F8AC}.AppStore|Any CPU.Build.0 = Release|Any CPU
		{FDB367D7-55F2-41FB-8D6C-E4C44579F8AC}.AppStore|Any CPU.Deploy.0 = Release|Any CPU
		{FDB367D7-55F2-41FB-8D6C-E4C44579F8AC}.AppStore|ARM.ActiveCfg = Release|Any CPU
		{FDB367D7-55F2-41FB-8D6C-E4C44579F8AC}.AppStore|ARM.Build.0 = Release|Any CPU
		{FDB367D7-55F2-41FB-8D6C-E4C44579F8AC}.AppStore|ARM.Deploy.0 = Release|Any CPU
		{FDB367D7-55F2-41FB-8D6C-E4C44579F8AC}.AppStore|iPhone.ActiveCfg = Release|Any CPU
		{FDB367D7-55F2-41FB-8D6C-E4C44579F8AC}.AppStore|iPhone.Build.0 = Release|Any CPU
		{FDB367D7-55F2-41FB-8D6C-E4C44579F8AC}.AppStore|iPhone.Deploy.0 = Release|Any CPU
		{FDB367D7-55F2-41FB-8D6C-E4C44579F8AC}.AppStore|iPhoneSimulator.ActiveCfg = Release|Any CPU
		{FDB367D7-55F2-41FB-8D6C-E4C44579F8AC}.AppStore|iPhoneSimulator.Build.0 = Release|Any CPU
		{FDB367D7-55F2-41FB-8D6C-E4C44579F8AC}.AppStore|iPhoneSimulator.Deploy.0 = Release|Any CPU
		{FDB367D7-55F2-41FB-8D6C-E4C44579F8AC}.AppStore|x64.ActiveCfg = Release|Any CPU
		{FDB367D7-55F2-41FB-8D6C-E4C44579F8AC}.AppStore|x64.Build.0 = Release|Any CPU
		{FDB367D7-55F2-41FB-8D6C-E4C44579F8AC}.AppStore|x64.Deploy.0 = Release|Any CPU
		{FDB367D7-55F2-41FB-8D6C-E4C44579F8AC}.AppStore|x86.ActiveCfg = Release|Any CPU
		{FDB367D7-55F2-41FB-8D6C-E4C44579F8AC}.AppStore|x86.Build.0 = Release|Any CPU
		{FDB367D7-55F2-41FB-8D6C-E4C44579F8AC}.AppStore|x86.Deploy.0 = Release|Any CPU
		{FDB367D7-55F2-41FB-8D6C-E4C44579F8AC}.Debug|Any CPU.ActiveCfg = Debug|Any CPU
		{FDB367D7-55F2-41FB-8D6C-E4C44579F8AC}.Debug|Any CPU.Build.0 = Debug|Any CPU
		{FDB367D7-55F2-41FB-8D6C-E4C44579F8AC}.Debug|Any CPU.Deploy.0 = Debug|Any CPU
		{FDB367D7-55F2-41FB-8D6C-E4C44579F8AC}.Debug|ARM.ActiveCfg = Debug|Any CPU
		{FDB367D7-55F2-41FB-8D6C-E4C44579F8AC}.Debug|ARM.Build.0 = Debug|Any CPU
		{FDB367D7-55F2-41FB-8D6C-E4C44579F8AC}.Debug|ARM.Deploy.0 = Debug|Any CPU
		{FDB367D7-55F2-41FB-8D6C-E4C44579F8AC}.Debug|iPhone.ActiveCfg = Debug|Any CPU
		{FDB367D7-55F2-41FB-8D6C-E4C44579F8AC}.Debug|iPhone.Build.0 = Debug|Any CPU
		{FDB367D7-55F2-41FB-8D6C-E4C44579F8AC}.Debug|iPhone.Deploy.0 = Debug|Any CPU
		{FDB367D7-55F2-41FB-8D6C-E4C44579F8AC}.Debug|iPhoneSimulator.ActiveCfg = Debug|Any CPU
		{FDB367D7-55F2-41FB-8D6C-E4C44579F8AC}.Debug|iPhoneSimulator.Build.0 = Debug|Any CPU
		{FDB367D7-55F2-41FB-8D6C-E4C44579F8AC}.Debug|iPhoneSimulator.Deploy.0 = Debug|Any CPU
		{FDB367D7-55F2-41FB-8D6C-E4C44579F8AC}.Debug|x64.ActiveCfg = Debug|Any CPU
		{FDB367D7-55F2-41FB-8D6C-E4C44579F8AC}.Debug|x64.Build.0 = Debug|Any CPU
		{FDB367D7-55F2-41FB-8D6C-E4C44579F8AC}.Debug|x64.Deploy.0 = Debug|Any CPU
		{FDB367D7-55F2-41FB-8D6C-E4C44579F8AC}.Debug|x86.ActiveCfg = Debug|Any CPU
		{FDB367D7-55F2-41FB-8D6C-E4C44579F8AC}.Debug|x86.Build.0 = Debug|Any CPU
		{FDB367D7-55F2-41FB-8D6C-E4C44579F8AC}.Debug|x86.Deploy.0 = Debug|Any CPU
		{FDB367D7-55F2-41FB-8D6C-E4C44579F8AC}.Release|Any CPU.ActiveCfg = Release|Any CPU
		{FDB367D7-55F2-41FB-8D6C-E4C44579F8AC}.Release|Any CPU.Build.0 = Release|Any CPU
		{FDB367D7-55F2-41FB-8D6C-E4C44579F8AC}.Release|Any CPU.Deploy.0 = Release|Any CPU
		{FDB367D7-55F2-41FB-8D6C-E4C44579F8AC}.Release|ARM.ActiveCfg = Release|Any CPU
		{FDB367D7-55F2-41FB-8D6C-E4C44579F8AC}.Release|ARM.Build.0 = Release|Any CPU
		{FDB367D7-55F2-41FB-8D6C-E4C44579F8AC}.Release|ARM.Deploy.0 = Release|Any CPU
		{FDB367D7-55F2-41FB-8D6C-E4C44579F8AC}.Release|iPhone.ActiveCfg = Release|Any CPU
		{FDB367D7-55F2-41FB-8D6C-E4C44579F8AC}.Release|iPhone.Build.0 = Release|Any CPU
		{FDB367D7-55F2-41FB-8D6C-E4C44579F8AC}.Release|iPhone.Deploy.0 = Release|Any CPU
		{FDB367D7-55F2-41FB-8D6C-E4C44579F8AC}.Release|iPhoneSimulator.ActiveCfg = Release|Any CPU
		{FDB367D7-55F2-41FB-8D6C-E4C44579F8AC}.Release|iPhoneSimulator.Build.0 = Release|Any CPU
		{FDB367D7-55F2-41FB-8D6C-E4C44579F8AC}.Release|iPhoneSimulator.Deploy.0 = Release|Any CPU
		{FDB367D7-55F2-41FB-8D6C-E4C44579F8AC}.Release|x64.ActiveCfg = Release|Any CPU
		{FDB367D7-55F2-41FB-8D6C-E4C44579F8AC}.Release|x64.Build.0 = Release|Any CPU
		{FDB367D7-55F2-41FB-8D6C-E4C44579F8AC}.Release|x64.Deploy.0 = Release|Any CPU
		{FDB367D7-55F2-41FB-8D6C-E4C44579F8AC}.Release|x86.ActiveCfg = Release|Any CPU
		{FDB367D7-55F2-41FB-8D6C-E4C44579F8AC}.Release|x86.Build.0 = Release|Any CPU
		{FDB367D7-55F2-41FB-8D6C-E4C44579F8AC}.Release|x86.Deploy.0 = Release|Any CPU
		{8BA61568-BA94-45D1-9090-E05573A66AA1}.Ad-Hoc|Any CPU.ActiveCfg = Ad-Hoc|iPhone
		{8BA61568-BA94-45D1-9090-E05573A66AA1}.Ad-Hoc|ARM.ActiveCfg = Ad-Hoc|iPhone
		{8BA61568-BA94-45D1-9090-E05573A66AA1}.Ad-Hoc|iPhone.ActiveCfg = Ad-Hoc|iPhone
		{8BA61568-BA94-45D1-9090-E05573A66AA1}.Ad-Hoc|iPhone.Build.0 = Ad-Hoc|iPhone
		{8BA61568-BA94-45D1-9090-E05573A66AA1}.Ad-Hoc|iPhoneSimulator.ActiveCfg = Ad-Hoc|iPhoneSimulator
		{8BA61568-BA94-45D1-9090-E05573A66AA1}.Ad-Hoc|iPhoneSimulator.Build.0 = Ad-Hoc|iPhoneSimulator
		{8BA61568-BA94-45D1-9090-E05573A66AA1}.Ad-Hoc|x64.ActiveCfg = Ad-Hoc|iPhone
		{8BA61568-BA94-45D1-9090-E05573A66AA1}.Ad-Hoc|x86.ActiveCfg = Ad-Hoc|iPhone
		{8BA61568-BA94-45D1-9090-E05573A66AA1}.AppStore|Any CPU.ActiveCfg = AppStore|iPhone
		{8BA61568-BA94-45D1-9090-E05573A66AA1}.AppStore|ARM.ActiveCfg = AppStore|iPhone
		{8BA61568-BA94-45D1-9090-E05573A66AA1}.AppStore|iPhone.ActiveCfg = AppStore|iPhone
		{8BA61568-BA94-45D1-9090-E05573A66AA1}.AppStore|iPhone.Build.0 = AppStore|iPhone
		{8BA61568-BA94-45D1-9090-E05573A66AA1}.AppStore|iPhoneSimulator.ActiveCfg = AppStore|iPhoneSimulator
		{8BA61568-BA94-45D1-9090-E05573A66AA1}.AppStore|iPhoneSimulator.Build.0 = AppStore|iPhoneSimulator
		{8BA61568-BA94-45D1-9090-E05573A66AA1}.AppStore|x64.ActiveCfg = AppStore|iPhone
		{8BA61568-BA94-45D1-9090-E05573A66AA1}.AppStore|x86.ActiveCfg = AppStore|iPhone
		{8BA61568-BA94-45D1-9090-E05573A66AA1}.Debug|Any CPU.ActiveCfg = Debug|iPhone
		{8BA61568-BA94-45D1-9090-E05573A66AA1}.Debug|ARM.ActiveCfg = Debug|iPhone
		{8BA61568-BA94-45D1-9090-E05573A66AA1}.Debug|iPhone.ActiveCfg = Debug|iPhone
		{8BA61568-BA94-45D1-9090-E05573A66AA1}.Debug|iPhone.Build.0 = Debug|iPhone
		{8BA61568-BA94-45D1-9090-E05573A66AA1}.Debug|iPhoneSimulator.ActiveCfg = Debug|iPhoneSimulator
		{8BA61568-BA94-45D1-9090-E05573A66AA1}.Debug|iPhoneSimulator.Build.0 = Debug|iPhoneSimulator
		{8BA61568-BA94-45D1-9090-E05573A66AA1}.Debug|x64.ActiveCfg = Debug|iPhone
		{8BA61568-BA94-45D1-9090-E05573A66AA1}.Debug|x86.ActiveCfg = Debug|iPhone
		{8BA61568-BA94-45D1-9090-E05573A66AA1}.Release|Any CPU.ActiveCfg = Release|iPhone
		{8BA61568-BA94-45D1-9090-E05573A66AA1}.Release|ARM.ActiveCfg = Release|iPhone
		{8BA61568-BA94-45D1-9090-E05573A66AA1}.Release|iPhone.ActiveCfg = Release|iPhone
		{8BA61568-BA94-45D1-9090-E05573A66AA1}.Release|iPhone.Build.0 = Release|iPhone
		{8BA61568-BA94-45D1-9090-E05573A66AA1}.Release|iPhoneSimulator.ActiveCfg = Release|iPhoneSimulator
		{8BA61568-BA94-45D1-9090-E05573A66AA1}.Release|iPhoneSimulator.Build.0 = Release|iPhoneSimulator
		{8BA61568-BA94-45D1-9090-E05573A66AA1}.Release|x64.ActiveCfg = Release|iPhone
		{8BA61568-BA94-45D1-9090-E05573A66AA1}.Release|x86.ActiveCfg = Release|iPhone
		{10BA7758-6B5C-4921-BBAA-109AB115FB14}.Ad-Hoc|Any CPU.ActiveCfg = Release|x86
		{10BA7758-6B5C-4921-BBAA-109AB115FB14}.Ad-Hoc|Any CPU.Build.0 = Release|x86
		{10BA7758-6B5C-4921-BBAA-109AB115FB14}.Ad-Hoc|Any CPU.Deploy.0 = Release|x86
		{10BA7758-6B5C-4921-BBAA-109AB115FB14}.Ad-Hoc|ARM.ActiveCfg = Release|ARM
		{10BA7758-6B5C-4921-BBAA-109AB115FB14}.Ad-Hoc|ARM.Build.0 = Release|ARM
		{10BA7758-6B5C-4921-BBAA-109AB115FB14}.Ad-Hoc|ARM.Deploy.0 = Release|ARM
		{10BA7758-6B5C-4921-BBAA-109AB115FB14}.Ad-Hoc|iPhone.ActiveCfg = Release|x86
		{10BA7758-6B5C-4921-BBAA-109AB115FB14}.Ad-Hoc|iPhone.Build.0 = Release|x86
		{10BA7758-6B5C-4921-BBAA-109AB115FB14}.Ad-Hoc|iPhone.Deploy.0 = Release|x86
		{10BA7758-6B5C-4921-BBAA-109AB115FB14}.Ad-Hoc|iPhoneSimulator.ActiveCfg = Release|x86
		{10BA7758-6B5C-4921-BBAA-109AB115FB14}.Ad-Hoc|iPhoneSimulator.Build.0 = Release|x86
		{10BA7758-6B5C-4921-BBAA-109AB115FB14}.Ad-Hoc|iPhoneSimulator.Deploy.0 = Release|x86
		{10BA7758-6B5C-4921-BBAA-109AB115FB14}.Ad-Hoc|x64.ActiveCfg = Release|x64
		{10BA7758-6B5C-4921-BBAA-109AB115FB14}.Ad-Hoc|x64.Build.0 = Release|x64
		{10BA7758-6B5C-4921-BBAA-109AB115FB14}.Ad-Hoc|x64.Deploy.0 = Release|x64
		{10BA7758-6B5C-4921-BBAA-109AB115FB14}.Ad-Hoc|x86.ActiveCfg = Release|x86
		{10BA7758-6B5C-4921-BBAA-109AB115FB14}.Ad-Hoc|x86.Build.0 = Release|x86
		{10BA7758-6B5C-4921-BBAA-109AB115FB14}.Ad-Hoc|x86.Deploy.0 = Release|x86
		{10BA7758-6B5C-4921-BBAA-109AB115FB14}.AppStore|Any CPU.ActiveCfg = Release|x86
		{10BA7758-6B5C-4921-BBAA-109AB115FB14}.AppStore|Any CPU.Build.0 = Release|x86
		{10BA7758-6B5C-4921-BBAA-109AB115FB14}.AppStore|Any CPU.Deploy.0 = Release|x86
		{10BA7758-6B5C-4921-BBAA-109AB115FB14}.AppStore|ARM.ActiveCfg = Release|ARM
		{10BA7758-6B5C-4921-BBAA-109AB115FB14}.AppStore|ARM.Build.0 = Release|ARM
		{10BA7758-6B5C-4921-BBAA-109AB115FB14}.AppStore|ARM.Deploy.0 = Release|ARM
		{10BA7758-6B5C-4921-BBAA-109AB115FB14}.AppStore|iPhone.ActiveCfg = Release|x86
		{10BA7758-6B5C-4921-BBAA-109AB115FB14}.AppStore|iPhone.Build.0 = Release|x86
		{10BA7758-6B5C-4921-BBAA-109AB115FB14}.AppStore|iPhone.Deploy.0 = Release|x86
		{10BA7758-6B5C-4921-BBAA-109AB115FB14}.AppStore|iPhoneSimulator.ActiveCfg = Release|x86
		{10BA7758-6B5C-4921-BBAA-109AB115FB14}.AppStore|iPhoneSimulator.Build.0 = Release|x86
		{10BA7758-6B5C-4921-BBAA-109AB115FB14}.AppStore|iPhoneSimulator.Deploy.0 = Release|x86
		{10BA7758-6B5C-4921-BBAA-109AB115FB14}.AppStore|x64.ActiveCfg = Release|x64
		{10BA7758-6B5C-4921-BBAA-109AB115FB14}.AppStore|x64.Build.0 = Release|x64
		{10BA7758-6B5C-4921-BBAA-109AB115FB14}.AppStore|x64.Deploy.0 = Release|x64
		{10BA7758-6B5C-4921-BBAA-109AB115FB14}.AppStore|x86.ActiveCfg = Release|x86
		{10BA7758-6B5C-4921-BBAA-109AB115FB14}.AppStore|x86.Build.0 = Release|x86
		{10BA7758-6B5C-4921-BBAA-109AB115FB14}.AppStore|x86.Deploy.0 = Release|x86
		{10BA7758-6B5C-4921-BBAA-109AB115FB14}.Debug|Any CPU.ActiveCfg = Debug|x86
		{10BA7758-6B5C-4921-BBAA-109AB115FB14}.Debug|ARM.ActiveCfg = Debug|ARM
		{10BA7758-6B5C-4921-BBAA-109AB115FB14}.Debug|ARM.Build.0 = Debug|ARM
		{10BA7758-6B5C-4921-BBAA-109AB115FB14}.Debug|ARM.Deploy.0 = Debug|ARM
		{10BA7758-6B5C-4921-BBAA-109AB115FB14}.Debug|iPhone.ActiveCfg = Debug|x86
		{10BA7758-6B5C-4921-BBAA-109AB115FB14}.Debug|iPhoneSimulator.ActiveCfg = Debug|x86
		{10BA7758-6B5C-4921-BBAA-109AB115FB14}.Debug|x64.ActiveCfg = Debug|x64
		{10BA7758-6B5C-4921-BBAA-109AB115FB14}.Debug|x64.Build.0 = Debug|x64
		{10BA7758-6B5C-4921-BBAA-109AB115FB14}.Debug|x64.Deploy.0 = Debug|x64
		{10BA7758-6B5C-4921-BBAA-109AB115FB14}.Debug|x86.ActiveCfg = Debug|x86
		{10BA7758-6B5C-4921-BBAA-109AB115FB14}.Debug|x86.Build.0 = Debug|x86
		{10BA7758-6B5C-4921-BBAA-109AB115FB14}.Debug|x86.Deploy.0 = Debug|x86
		{10BA7758-6B5C-4921-BBAA-109AB115FB14}.Release|Any CPU.ActiveCfg = Release|x86
		{10BA7758-6B5C-4921-BBAA-109AB115FB14}.Release|ARM.ActiveCfg = Release|ARM
		{10BA7758-6B5C-4921-BBAA-109AB115FB14}.Release|ARM.Build.0 = Release|ARM
		{10BA7758-6B5C-4921-BBAA-109AB115FB14}.Release|ARM.Deploy.0 = Release|ARM
		{10BA7758-6B5C-4921-BBAA-109AB115FB14}.Release|iPhone.ActiveCfg = Release|x86
		{10BA7758-6B5C-4921-BBAA-109AB115FB14}.Release|iPhoneSimulator.ActiveCfg = Release|x86
		{10BA7758-6B5C-4921-BBAA-109AB115FB14}.Release|x64.ActiveCfg = Release|x64
		{10BA7758-6B5C-4921-BBAA-109AB115FB14}.Release|x64.Build.0 = Release|x64
		{10BA7758-6B5C-4921-BBAA-109AB115FB14}.Release|x64.Deploy.0 = Release|x64
		{10BA7758-6B5C-4921-BBAA-109AB115FB14}.Release|x86.ActiveCfg = Release|x86
		{10BA7758-6B5C-4921-BBAA-109AB115FB14}.Release|x86.Build.0 = Release|x86
		{10BA7758-6B5C-4921-BBAA-109AB115FB14}.Release|x86.Deploy.0 = Release|x86
	EndGlobalSection
	GlobalSection(SolutionProperties) = preSolution
		HideSolutionNode = FALSE
	EndGlobalSection
	GlobalSection(ExtensibilityGlobals) = postSolution
		SolutionGuid = {F8D725B2-F3FB-4641-9F48-C5AFDC561CAB}
	EndGlobalSection
EndGlobal
